
Microsoft Visual Studio Solution File, Format Version 12.00
# Visual Studio 15
VisualStudioVersion = 15.0.27428.2037
MinimumVisualStudioVersion = 10.0.40219.1
Project("{FAE04EC0-301F-11D3-BF4B-00C04F79EFBC}") = "Server", "Server\Server.csproj", "{DE62F5FC-E42C-4812-BC31-18C26FBC399C}"
EndProject
Global
	GlobalSection(SolutionConfigurationPlatforms) = preSolution
		Debug|Any CPU = Debug|Any CPU
		Release|Any CPU = Release|Any CPU
	EndGlobalSection
	GlobalSection(ProjectConfigurationPlatforms) = postSolution
		{DE62F5FC-E42C-4812-BC31-18C26FBC399C}.Debug|Any CPU.ActiveCfg = Debug|Any CPU
		{DE62F5FC-E42C-4812-BC31-18C26FBC399C}.Debug|Any CPU.Build.0 = Debug|Any CPU
		{DE62F5FC-E42C-4812-BC31-18C26FBC399C}.Release|Any CPU.ActiveCfg = Release|Any CPU
		{DE62F5FC-E42C-4812-BC31-18C26FBC399C}.Release|Any CPU.Build.0 = Release|Any CPU
	EndGlobalSection
	GlobalSection(SolutionProperties) = preSolution
		HideSolutionNode = FALSE
	EndGlobalSection
	GlobalSection(ExtensibilityGlobals) = postSolution
		SolutionGuid = {CB09270A-8159-4748-80F9-11045AF5CC78}
	EndGlobalSection
EndGlobal
